// !$*UTF8*$!
{
	archiveVersion = 1;
	classes = {
	};
	objectVersion = 46;
	objects = {

/* Begin PBXBuildFile section */
		73CEB5AB61F54D60BF4EB10B /* libPods.a in Frameworks */ = {isa = PBXBuildFile; fileRef = 6FFEC8D231ED48D5AE5ACD0C /* libPods.a */; };
		BC8117BF1A324DF0B1D501F1 /* libPods.a in Frameworks */ = {isa = PBXBuildFile; fileRef = 6FFEC8D231ED48D5AE5ACD0C /* libPods.a */; };
		BE05A3C019A1042200F278B0 /* AppDelegate.swift in Sources */ = {isa = PBXBuildFile; fileRef = BE05A3BF19A1042200F278B0 /* AppDelegate.swift */; };
		BE05A3C219A1042200F278B0 /* ViewController.swift in Sources */ = {isa = PBXBuildFile; fileRef = BE05A3C119A1042200F278B0 /* ViewController.swift */; };
		BE05A3C519A1042200F278B0 /* Main.storyboard in Resources */ = {isa = PBXBuildFile; fileRef = BE05A3C319A1042200F278B0 /* Main.storyboard */; };
		BE05A3C719A1042200F278B0 /* Images.xcassets in Resources */ = {isa = PBXBuildFile; fileRef = BE05A3C619A1042200F278B0 /* Images.xcassets */; };
		BE05A3D319A1042200F278B0 /* BurritoFitTests.swift in Sources */ = {isa = PBXBuildFile; fileRef = BE05A3D219A1042200F278B0 /* BurritoFitTests.swift */; };
/* End PBXBuildFile section */

/* Begin PBXContainerItemProxy section */
		BE05A3CD19A1042200F278B0 /* PBXContainerItemProxy */ = {
			isa = PBXContainerItemProxy;
			containerPortal = BE05A3B219A1042200F278B0 /* Project object */;
			proxyType = 1;
			remoteGlobalIDString = BE05A3B919A1042200F278B0;
			remoteInfo = BurritoFit;
		};
/* End PBXContainerItemProxy section */

/* Begin PBXFileReference section */
		6924A97D20C24A25BE10F501 /* Pods.xcconfig */ = {isa = PBXFileReference; includeInIndex = 1; lastKnownFileType = text.xcconfig; name = Pods.xcconfig; path = Pods/Pods.xcconfig; sourceTree = "<group>"; };
		6FFEC8D231ED48D5AE5ACD0C /* libPods.a */ = {isa = PBXFileReference; explicitFileType = archive.ar; includeInIndex = 0; path = libPods.a; sourceTree = BUILT_PRODUCTS_DIR; };
		BE05A3BA19A1042200F278B0 /* BurritoFit.app */ = {isa = PBXFileReference; explicitFileType = wrapper.application; includeInIndex = 0; path = BurritoFit.app; sourceTree = BUILT_PRODUCTS_DIR; };
		BE05A3BE19A1042200F278B0 /* Info.plist */ = {isa = PBXFileReference; lastKnownFileType = text.plist.xml; path = Info.plist; sourceTree = "<group>"; };
		BE05A3BF19A1042200F278B0 /* AppDelegate.swift */ = {isa = PBXFileReference; lastKnownFileType = sourcecode.swift; path = AppDelegate.swift; sourceTree = "<group>"; };
		BE05A3C119A1042200F278B0 /* ViewController.swift */ = {isa = PBXFileReference; lastKnownFileType = sourcecode.swift; path = ViewController.swift; sourceTree = "<group>"; };
		BE05A3C419A1042200F278B0 /* Base */ = {isa = PBXFileReference; lastKnownFileType = file.storyboard; name = Base; path = Base.lproj/Main.storyboard; sourceTree = "<group>"; };
		BE05A3C619A1042200F278B0 /* Images.xcassets */ = {isa = PBXFileReference; lastKnownFileType = folder.assetcatalog; path = Images.xcassets; sourceTree = "<group>"; };
		BE05A3CC19A1042200F278B0 /* BurritoFitTests.xctest */ = {isa = PBXFileReference; explicitFileType = wrapper.cfbundle; includeInIndex = 0; path = BurritoFitTests.xctest; sourceTree = BUILT_PRODUCTS_DIR; };
		BE05A3D119A1042200F278B0 /* Info.plist */ = {isa = PBXFileReference; lastKnownFileType = text.plist.xml; path = Info.plist; sourceTree = "<group>"; };
		BE05A3D219A1042200F278B0 /* BurritoFitTests.swift */ = {isa = PBXFileReference; lastKnownFileType = sourcecode.swift; path = BurritoFitTests.swift; sourceTree = "<group>"; };
		BE29437E19A113C4005A697F /* BurritoFit-Bridging-Header.h */ = {isa = PBXFileReference; lastKnownFileType = sourcecode.c.h; path = "BurritoFit-Bridging-Header.h"; sourceTree = "<group>"; };
/* End PBXFileReference section */

/* Begin PBXFrameworksBuildPhase section */
		BE05A3B719A1042200F278B0 /* Frameworks */ = {
			isa = PBXFrameworksBuildPhase;
			buildActionMask = 2147483647;
			files = (
				73CEB5AB61F54D60BF4EB10B /* libPods.a in Frameworks */,
			);
			runOnlyForDeploymentPostprocessing = 0;
		};
		BE05A3C919A1042200F278B0 /* Frameworks */ = {
			isa = PBXFrameworksBuildPhase;
			buildActionMask = 2147483647;
			files = (
				BC8117BF1A324DF0B1D501F1 /* libPods.a in Frameworks */,
			);
			runOnlyForDeploymentPostprocessing = 0;
		};
/* End PBXFrameworksBuildPhase section */

/* Begin PBXGroup section */
		70858C806680442294F50A8D /* Frameworks */ = {
			isa = PBXGroup;
			children = (
				6FFEC8D231ED48D5AE5ACD0C /* libPods.a */,
			);
			name = Frameworks;
			sourceTree = "<group>";
		};
		BE05A3B119A1042200F278B0 = {
			isa = PBXGroup;
			children = (
				BE05A3BC19A1042200F278B0 /* BurritoFit */,
				BE05A3CF19A1042200F278B0 /* BurritoFitTests */,
				BE05A3BB19A1042200F278B0 /* Products */,
				6924A97D20C24A25BE10F501 /* Pods.xcconfig */,
				70858C806680442294F50A8D /* Frameworks */,
			);
			sourceTree = "<group>";
		};
		BE05A3BB19A1042200F278B0 /* Products */ = {
			isa = PBXGroup;
			children = (
				BE05A3BA19A1042200F278B0 /* BurritoFit.app */,
				BE05A3CC19A1042200F278B0 /* BurritoFitTests.xctest */,
			);
			name = Products;
			sourceTree = "<group>";
		};
		BE05A3BC19A1042200F278B0 /* BurritoFit */ = {
			isa = PBXGroup;
			children = (
				BE05A3BF19A1042200F278B0 /* AppDelegate.swift */,
				BE05A3C119A1042200F278B0 /* ViewController.swift */,
				BE29437B19A106DE005A697F /* lib */,
				BE29437E19A113C4005A697F /* BurritoFit-Bridging-Header.h */,
				BE05A3C319A1042200F278B0 /* Main.storyboard */,
				BE05A3C619A1042200F278B0 /* Images.xcassets */,
				BE05A3BD19A1042200F278B0 /* Supporting Files */,
			);
			path = BurritoFit;
			sourceTree = "<group>";
		};
		BE05A3BD19A1042200F278B0 /* Supporting Files */ = {
			isa = PBXGroup;
			children = (
				BE05A3BE19A1042200F278B0 /* Info.plist */,
			);
			name = "Supporting Files";
			sourceTree = "<group>";
		};
		BE05A3CF19A1042200F278B0 /* BurritoFitTests */ = {
			isa = PBXGroup;
			children = (
				BE05A3D219A1042200F278B0 /* BurritoFitTests.swift */,
				BE05A3D019A1042200F278B0 /* Supporting Files */,
			);
			path = BurritoFitTests;
			sourceTree = "<group>";
		};
		BE05A3D019A1042200F278B0 /* Supporting Files */ = {
			isa = PBXGroup;
			children = (
				BE05A3D119A1042200F278B0 /* Info.plist */,
			);
			name = "Supporting Files";
			sourceTree = "<group>";
		};
		BE29437B19A106DE005A697F /* lib */ = {
			isa = PBXGroup;
			children = (
			);
			name = lib;
			sourceTree = "<group>";
		};
/* End PBXGroup section */

/* Begin PBXNativeTarget section */
		BE05A3B919A1042200F278B0 /* BurritoFit */ = {
			isa = PBXNativeTarget;
			buildConfigurationList = BE05A3D619A1042200F278B0 /* Build configuration list for PBXNativeTarget "BurritoFit" */;
			buildPhases = (
				BE29437F19A11660005A697F /* ShellScript */,
				159B0B31F9684A39B0C94394 /* Check Pods Manifest.lock */,
				BE05A3B619A1042200F278B0 /* Sources */,
				BE05A3B719A1042200F278B0 /* Frameworks */,
				BE05A3B819A1042200F278B0 /* Resources */,
				C9CA9AD0B71D4253B7BE387A /* Copy Pods Resources */,
			);
			buildRules = (
			);
			dependencies = (
			);
			name = BurritoFit;
			productName = BurritoFit;
			productReference = BE05A3BA19A1042200F278B0 /* BurritoFit.app */;
			productType = "com.apple.product-type.application";
		};
		BE05A3CB19A1042200F278B0 /* BurritoFitTests */ = {
			isa = PBXNativeTarget;
			buildConfigurationList = BE05A3D919A1042200F278B0 /* Build configuration list for PBXNativeTarget "BurritoFitTests" */;
			buildPhases = (
				9314F5D37F7D4DA7A6974E18 /* Check Pods Manifest.lock */,
				BE05A3C819A1042200F278B0 /* Sources */,
				BE05A3C919A1042200F278B0 /* Frameworks */,
				BE05A3CA19A1042200F278B0 /* Resources */,
				C809E67493224D8790E90372 /* Copy Pods Resources */,
			);
			buildRules = (
			);
			dependencies = (
				BE05A3CE19A1042200F278B0 /* PBXTargetDependency */,
			);
			name = BurritoFitTests;
			productName = BurritoFitTests;
			productReference = BE05A3CC19A1042200F278B0 /* BurritoFitTests.xctest */;
			productType = "com.apple.product-type.bundle.unit-test";
		};
/* End PBXNativeTarget section */

/* Begin PBXProject section */
		BE05A3B219A1042200F278B0 /* Project object */ = {
			isa = PBXProject;
			attributes = {
				LastUpgradeCheck = 0600;
				ORGANIZATIONNAME = "Will Fleming";
				TargetAttributes = {
					BE05A3B919A1042200F278B0 = {
						CreatedOnToolsVersion = 6.0;
						DevelopmentTeam = 5VHWADD4P5;
					};
					BE05A3CB19A1042200F278B0 = {
						CreatedOnToolsVersion = 6.0;
						TestTargetID = BE05A3B919A1042200F278B0;
					};
				};
			};
			buildConfigurationList = BE05A3B519A1042200F278B0 /* Build configuration list for PBXProject "BurritoFit" */;
			compatibilityVersion = "Xcode 3.2";
			developmentRegion = English;
			hasScannedForEncodings = 0;
			knownRegions = (
				en,
				Base,
			);
			mainGroup = BE05A3B119A1042200F278B0;
			productRefGroup = BE05A3BB19A1042200F278B0 /* Products */;
			projectDirPath = "";
			projectRoot = "";
			targets = (
				BE05A3B919A1042200F278B0 /* BurritoFit */,
				BE05A3CB19A1042200F278B0 /* BurritoFitTests */,
			);
		};
/* End PBXProject section */

/* Begin PBXResourcesBuildPhase section */
		BE05A3B819A1042200F278B0 /* Resources */ = {
			isa = PBXResourcesBuildPhase;
			buildActionMask = 2147483647;
			files = (
				BE05A3C519A1042200F278B0 /* Main.storyboard in Resources */,
				BE05A3C719A1042200F278B0 /* Images.xcassets in Resources */,
			);
			runOnlyForDeploymentPostprocessing = 0;
		};
		BE05A3CA19A1042200F278B0 /* Resources */ = {
			isa = PBXResourcesBuildPhase;
			buildActionMask = 2147483647;
			files = (
			);
			runOnlyForDeploymentPostprocessing = 0;
		};
/* End PBXResourcesBuildPhase section */

/* Begin PBXShellScriptBuildPhase section */
		159B0B31F9684A39B0C94394 /* Check Pods Manifest.lock */ = {
			isa = PBXShellScriptBuildPhase;
			buildActionMask = 2147483647;
			files = (
			);
			inputPaths = (
			);
			name = "Check Pods Manifest.lock";
			outputPaths = (
			);
			runOnlyForDeploymentPostprocessing = 0;
			shellPath = /bin/sh;
			shellScript = "diff \"${PODS_ROOT}/../Podfile.lock\" \"${PODS_ROOT}/Manifest.lock\" > /dev/null\nif [[ $? != 0 ]] ; then\n    cat << EOM\nerror: The sandbox is not in sync with the Podfile.lock. Run 'pod install' or update your CocoaPods installation.\nEOM\n    exit 1\nfi\n";
			showEnvVarsInLog = 0;
		};
		9314F5D37F7D4DA7A6974E18 /* Check Pods Manifest.lock */ = {
			isa = PBXShellScriptBuildPhase;
			buildActionMask = 2147483647;
			files = (
			);
			inputPaths = (
			);
			name = "Check Pods Manifest.lock";
			outputPaths = (
			);
			runOnlyForDeploymentPostprocessing = 0;
			shellPath = /bin/sh;
			shellScript = "diff \"${PODS_ROOT}/../Podfile.lock\" \"${PODS_ROOT}/Manifest.lock\" > /dev/null\nif [[ $? != 0 ]] ; then\n    cat << EOM\nerror: The sandbox is not in sync with the Podfile.lock. Run 'pod install' or update your CocoaPods installation.\nEOM\n    exit 1\nfi\n";
			showEnvVarsInLog = 0;
		};
		BE29437F19A11660005A697F /* ShellScript */ = {
			isa = PBXShellScriptBuildPhase;
			buildActionMask = 2147483647;
			files = (
			);
			inputPaths = (
			);
			outputPaths = (
			);
			runOnlyForDeploymentPostprocessing = 0;
			shellPath = /bin/sh;
			shellScript = "export GIT_BUNDLE_VERSION=`git rev-parse --short HEAD`\n\n#TODO: rethink this by having it write to a xccconfig file?";
		};
		C809E67493224D8790E90372 /* Copy Pods Resources */ = {
			isa = PBXShellScriptBuildPhase;
			buildActionMask = 2147483647;
			files = (
			);
			inputPaths = (
			);
			name = "Copy Pods Resources";
			outputPaths = (
			);
			runOnlyForDeploymentPostprocessing = 0;
			shellPath = /bin/sh;
			shellScript = "\"${SRCROOT}/Pods/Pods-resources.sh\"\n";
			showEnvVarsInLog = 0;
		};
		C9CA9AD0B71D4253B7BE387A /* Copy Pods Resources */ = {
			isa = PBXShellScriptBuildPhase;
			buildActionMask = 2147483647;
			files = (
			);
			inputPaths = (
			);
			name = "Copy Pods Resources";
			outputPaths = (
			);
			runOnlyForDeploymentPostprocessing = 0;
			shellPath = /bin/sh;
			shellScript = "\"${SRCROOT}/Pods/Pods-resources.sh\"\n";
			showEnvVarsInLog = 0;
		};
/* End PBXShellScriptBuildPhase section */

/* Begin PBXSourcesBuildPhase section */
		BE05A3B619A1042200F278B0 /* Sources */ = {
			isa = PBXSourcesBuildPhase;
			buildActionMask = 2147483647;
			files = (
				BE05A3C219A1042200F278B0 /* ViewController.swift in Sources */,
				BE05A3C019A1042200F278B0 /* AppDelegate.swift in Sources */,
			);
			runOnlyForDeploymentPostprocessing = 0;
		};
		BE05A3C819A1042200F278B0 /* Sources */ = {
			isa = PBXSourcesBuildPhase;
			buildActionMask = 2147483647;
			files = (
				BE05A3D319A1042200F278B0 /* BurritoFitTests.swift in Sources */,
			);
			runOnlyForDeploymentPostprocessing = 0;
		};
/* End PBXSourcesBuildPhase section */

/* Begin PBXTargetDependency section */
		BE05A3CE19A1042200F278B0 /* PBXTargetDependency */ = {
			isa = PBXTargetDependency;
			target = BE05A3B919A1042200F278B0 /* BurritoFit */;
			targetProxy = BE05A3CD19A1042200F278B0 /* PBXContainerItemProxy */;
		};
/* End PBXTargetDependency section */

/* Begin PBXVariantGroup section */
		BE05A3C319A1042200F278B0 /* Main.storyboard */ = {
			isa = PBXVariantGroup;
			children = (
				BE05A3C419A1042200F278B0 /* Base */,
			);
			name = Main.storyboard;
			sourceTree = "<group>";
		};
/* End PBXVariantGroup section */

/* Begin XCBuildConfiguration section */
		BE05A3D419A1042200F278B0 /* Debug */ = {
			isa = XCBuildConfiguration;
			buildSettings = {
				ALWAYS_SEARCH_USER_PATHS = NO;
				CLANG_CXX_LANGUAGE_STANDARD = "gnu++0x";
				CLANG_CXX_LIBRARY = "libc++";
				CLANG_ENABLE_MODULES = YES;
				CLANG_ENABLE_OBJC_ARC = YES;
				CLANG_WARN_BOOL_CONVERSION = YES;
				CLANG_WARN_CONSTANT_CONVERSION = YES;
				CLANG_WARN_DIRECT_OBJC_ISA_USAGE = YES_ERROR;
				CLANG_WARN_EMPTY_BODY = YES;
				CLANG_WARN_ENUM_CONVERSION = YES;
				CLANG_WARN_INT_CONVERSION = YES;
				CLANG_WARN_OBJC_ROOT_CLASS = YES_ERROR;
				CLANG_WARN_UNREACHABLE_CODE = YES;
				CLANG_WARN__DUPLICATE_METHOD_MATCH = YES;
				"CODE_SIGN_IDENTITY[sdk=iphoneos*]" = "iPhone Developer";
				COPY_PHASE_STRIP = NO;
				ENABLE_STRICT_OBJC_MSGSEND = YES;
				GCC_C_LANGUAGE_STANDARD = gnu99;
				GCC_DYNAMIC_NO_PIC = NO;
				GCC_OPTIMIZATION_LEVEL = 0;
				GCC_PREPROCESSOR_DEFINITIONS = (
					"DEBUG=1",
					"$(inherited)",
				);
				GCC_SYMBOLS_PRIVATE_EXTERN = NO;
				GCC_WARN_64_TO_32_BIT_CONVERSION = YES;
				GCC_WARN_ABOUT_RETURN_TYPE = YES_ERROR;
				GCC_WARN_UNDECLARED_SELECTOR = YES;
				GCC_WARN_UNINITIALIZED_AUTOS = YES_AGGRESSIVE;
				GCC_WARN_UNUSED_FUNCTION = YES;
				GCC_WARN_UNUSED_VARIABLE = YES;
				IPHONEOS_DEPLOYMENT_TARGET = 8.0;
				METAL_ENABLE_DEBUG_INFO = YES;
				ONLY_ACTIVE_ARCH = YES;
				SDKROOT = iphoneos;
				SWIFT_OPTIMIZATION_LEVEL = "-Onone";
				TARGETED_DEVICE_FAMILY = "1,2";
			};
			name = Debug;
		};
		BE05A3D519A1042200F278B0 /* Release */ = {
			isa = XCBuildConfiguration;
			buildSettings = {
				ALWAYS_SEARCH_USER_PATHS = NO;
				CLANG_CXX_LANGUAGE_STANDARD = "gnu++0x";
				CLANG_CXX_LIBRARY = "libc++";
				CLANG_ENABLE_MODULES = YES;
				CLANG_ENABLE_OBJC_ARC = YES;
				CLANG_WARN_BOOL_CONVERSION = YES;
				CLANG_WARN_CONSTANT_CONVERSION = YES;
				CLANG_WARN_DIRECT_OBJC_ISA_USAGE = YES_ERROR;
				CLANG_WARN_EMPTY_BODY = YES;
				CLANG_WARN_ENUM_CONVERSION = YES;
				CLANG_WARN_INT_CONVERSION = YES;
				CLANG_WARN_OBJC_ROOT_CLASS = YES_ERROR;
				CLANG_WARN_UNREACHABLE_CODE = YES;
				CLANG_WARN__DUPLICATE_METHOD_MATCH = YES;
				"CODE_SIGN_IDENTITY[sdk=iphoneos*]" = "iPhone Developer";
				COPY_PHASE_STRIP = YES;
				ENABLE_NS_ASSERTIONS = NO;
				ENABLE_STRICT_OBJC_MSGSEND = YES;
				GCC_C_LANGUAGE_STANDARD = gnu99;
				GCC_WARN_64_TO_32_BIT_CONVERSION = YES;
				GCC_WARN_ABOUT_RETURN_TYPE = YES_ERROR;
				GCC_WARN_UNDECLARED_SELECTOR = YES;
				GCC_WARN_UNINITIALIZED_AUTOS = YES_AGGRESSIVE;
				GCC_WARN_UNUSED_FUNCTION = YES;
				GCC_WARN_UNUSED_VARIABLE = YES;
				IPHONEOS_DEPLOYMENT_TARGET = 8.0;
				METAL_ENABLE_DEBUG_INFO = NO;
				SDKROOT = iphoneos;
				TARGETED_DEVICE_FAMILY = "1,2";
				VALIDATE_PRODUCT = YES;
			};
			name = Release;
		};
		BE05A3D719A1042200F278B0 /* Debug */ = {
			isa = XCBuildConfiguration;
			baseConfigurationReference = 6924A97D20C24A25BE10F501 /* Pods.xcconfig */;
			buildSettings = {
				ASSETCATALOG_COMPILER_APPICON_NAME = AppIcon;
				ASSETCATALOG_COMPILER_LAUNCHIMAGE_NAME = LaunchImage;
				CODE_SIGN_IDENTITY = "iPhone Developer";
				INFOPLIST_FILE = BurritoFit/Info.plist;
				IPHONEOS_DEPLOYMENT_TARGET = 7.1;
				LD_RUNPATH_SEARCH_PATHS = "$(inherited) @executable_path/Frameworks";
				PRODUCT_NAME = "$(TARGET_NAME)";
				PROVISIONING_PROFILE = "ba7fd914-d332-42d8-8c88-de6d52325c4c";
				SWIFT_OBJC_BRIDGING_HEADER = "BurritoFit/BurritoFit-Bridging-Header.h";
			};
			name = Debug;
		};
		BE05A3D819A1042200F278B0 /* Release */ = {
			isa = XCBuildConfiguration;
			baseConfigurationReference = 6924A97D20C24A25BE10F501 /* Pods.xcconfig */;
			buildSettings = {
				ASSETCATALOG_COMPILER_APPICON_NAME = AppIcon;
				ASSETCATALOG_COMPILER_LAUNCHIMAGE_NAME = LaunchImage;
				CODE_SIGN_IDENTITY = "iPhone Developer";
				INFOPLIST_FILE = BurritoFit/Info.plist;
				IPHONEOS_DEPLOYMENT_TARGET = 7.1;
				LD_RUNPATH_SEARCH_PATHS = "$(inherited) @executable_path/Frameworks";
				PRODUCT_NAME = "$(TARGET_NAME)";
				PROVISIONING_PROFILE = "ba7fd914-d332-42d8-8c88-de6d52325c4c";
				SWIFT_OBJC_BRIDGING_HEADER = "BurritoFit/BurritoFit-Bridging-Header.h";
			};
			name = Release;
		};
		BE05A3DA19A1042200F278B0 /* Debug */ = {
			isa = XCBuildConfiguration;
			baseConfigurationReference = 6924A97D20C24A25BE10F501 /* Pods.xcconfig */;
			buildSettings = {
				BUNDLE_LOADER = "$(BUILT_PRODUCTS_DIR)/BurritoFit.app/BurritoFit";
				FRAMEWORK_SEARCH_PATHS = (
					"$(SDKROOT)/Developer/Library/Frameworks",
					"$(inherited)",
				);
				GCC_PREPROCESSOR_DEFINITIONS = (
					"DEBUG=1",
					"$(inherited)",
				);
				INFOPLIST_FILE = BurritoFitTests/Info.plist;
				LD_RUNPATH_SEARCH_PATHS = "$(inherited) @executable_path/Frameworks @loader_path/Frameworks";
				METAL_ENABLE_DEBUG_INFO = YES;
				PRODUCT_NAME = "$(TARGET_NAME)";
				TEST_HOST = "$(BUNDLE_LOADER)";
			};
			name = Debug;
		};
		BE05A3DB19A1042200F278B0 /* Release */ = {
			isa = XCBuildConfiguration;
			baseConfigurationReference = 6924A97D20C24A25BE10F501 /* Pods.xcconfig */;
			buildSettings = {
				BUNDLE_LOADER = "$(BUILT_PRODUCTS_DIR)/BurritoFit.app/BurritoFit";
				FRAMEWORK_SEARCH_PATHS = (
					"$(SDKROOT)/Developer/Library/Frameworks",
					"$(inherited)",
				);
				INFOPLIST_FILE = BurritoFitTests/Info.plist;
				LD_RUNPATH_SEARCH_PATHS = "$(inherited) @executable_path/Frameworks @loader_path/Frameworks";
				METAL_ENABLE_DEBUG_INFO = NO;
				PRODUCT_NAME = "$(TARGET_NAME)";
				TEST_HOST = "$(BUNDLE_LOADER)";
			};
			name = Release;
		};
/* End XCBuildConfiguration section */

/* Begin XCConfigurationList section */
		BE05A3B519A1042200F278B0 /* Build configuration list for PBXProject "BurritoFit" */ = {
			isa = XCConfigurationList;
			buildConfigurations = (
				BE05A3D419A1042200F278B0 /* Debug */,
				BE05A3D519A1042200F278B0 /* Release */,
			);
			defaultConfigurationIsVisible = 0;
			defaultConfigurationName = Release;
		};
		BE05A3D619A1042200F278B0 /* Build configuration list for PBXNativeTarget "BurritoFit" */ = {
			isa = XCConfigurationList;
			buildConfigurations = (
				BE05A3D719A1042200F278B0 /* Debug */,
				BE05A3D819A1042200F278B0 /* Release */,
			);
			defaultConfigurationIsVisible = 0;
			defaultConfigurationName = Release;
		};
		BE05A3D919A1042200F278B0 /* Build configuration list for PBXNativeTarget "BurritoFitTests" */ = {
			isa = XCConfigurationList;
			buildConfigurations = (
				BE05A3DA19A1042200F278B0 /* Debug */,
				BE05A3DB19A1042200F278B0 /* Release */,
			);
			defaultConfigurationIsVisible = 0;
			defaultConfigurationName = Release;
		};
/* End XCConfigurationList section */
	};
	rootObject = BE05A3B219A1042200F278B0 /* Project object */;
}
